
Microsoft Visual Studio Solution File, Format Version 12.00
# Visual Studio 15
VisualStudioVersion = 15.0.28010.2048
MinimumVisualStudioVersion = 10.0.40219.1
Project("{FAE04EC0-301F-11D3-BF4B-00C04F79EFBC}") = "ClassSurvey1", "ClassSurvey1\ClassSurvey1.csproj", "{BE377101-D3AA-4E3D-BF8D-8E8321EDD6B7}"
EndProject
Global
	GlobalSection(SolutionConfigurationPlatforms) = preSolution
		Debug|Any CPU = Debug|Any CPU
		Release|Any CPU = Release|Any CPU
	EndGlobalSection
	GlobalSection(ProjectConfigurationPlatforms) = postSolution
		{BE377101-D3AA-4E3D-BF8D-8E8321EDD6B7}.Debug|Any CPU.ActiveCfg = Debug|Any CPU
		{BE377101-D3AA-4E3D-BF8D-8E8321EDD6B7}.Debug|Any CPU.Build.0 = Debug|Any CPU
		{BE377101-D3AA-4E3D-BF8D-8E8321EDD6B7}.Release|Any CPU.ActiveCfg = Release|Any CPU
		{BE377101-D3AA-4E3D-BF8D-8E8321EDD6B7}.Release|Any CPU.Build.0 = Release|Any CPU
	EndGlobalSection
	GlobalSection(SolutionProperties) = preSolution
		HideSolutionNode = FALSE
	EndGlobalSection
	GlobalSection(ExtensibilityGlobals) = postSolution
		SolutionGuid = {B7D94A72-3E78-4C17-BB24-E9518DABE887}
	EndGlobalSection
EndGlobal
